{
  "name": "easy-easy-license-server",
  "version": "1.0.0",
  "lockfileVersion": 3,
  "requires": true,
  "packages": {
    "": {
      "name": "easy-easy-license-server",
      "version": "1.0.0",
      "dependencies": {
        "@supabase/supabase-js": "2.110.5",
        "cors": "2.8.6",
        "dotenv": "17.4.2",
        "express": "5.2.1",
        "express-rate-limit": "8.5.2",
        "helmet": "8.3.0",
        "mercadopago": "3.2.0",
        "qrcode": "1.5.4",
        "zod": "4.4.3"
      },
      "engines": {
        "node": ">=20"
      }
    },
    "node_modules/@supabase/auth-js": {
      "version": "2.110.5",
      "resolved": "https://registry.npmjs.org/@supabase/auth-js/-/auth-js-2.110.5.tgz",
      "integrity": "sha512-QSlI5CNeEefHP95/GbeMhNgr8aHEHiXFh8c1IWthYyI9ZzBwEigYzJFCw4Ff+GkL8OK9tArBmGGv6rpg5zLXSw==",
      "license": "MIT",
      "dependencies": {
        "tslib": "2.8.1"
      },
      "engines": {
        "node": ">=22.0.0"
      }
    },
    "node_modules/@supabase/functions-js": {
      "version": "2.110.5",
      "resolved": "https://registry.npmjs.org/@supabase/functions-js/-/functions-js-2.110.5.tgz",
      "integrity": "sha512-nuQuoIoEGT8ukrwr6THlY5v50bSMJ2rqti1FFsGyDaC98POLmcFQVFFh23PVPhRsKWUxrFc0MpmEoHKa7CY4mg==",
      "license": "MIT",
      "dependencies": {
        "tslib": "2.8.1"
      },
      "engines": {
        "node": ">=22.0.0"
      }
    },
    "node_modules/@supabase/phoenix": {
      "version": "0.4.4",
      "resolved": "https://registry.npmjs.org/@supabase/phoenix/-/phoenix-0.4.4.tgz",
      "integrity": "sha512-Gt0pqoXuIqX/8dvG0OKp/wMCobXNH3klNbUPBNyOfN0YA1IswrM3HyWFMOPk1Jy+BRaIyDPcFx4jLBwHNmlyfQ==",
      "license": "MIT"
    },
    "node_modules/@supabase/postgrest-js": {
      "version": "2.110.5",
      "resolved": "https://registry.npmjs.org/@supabase/postgrest-js/-/postgrest-js-2.110.5.tgz",
      "integrity": "sha512-eObfgBjxLPzFakwMpUmsv8nuNPOhoDhzzN8cwvEvGkxkmuRIZcOCYH9+DRbpKnxh7tgsBZW+KWtaZI2j98b2/g==",
      "license": "MIT",
      "dependencies": {
        "tslib": "2.8.1"
      },
      "engines": {
        "node": ">=22.0.0"
      }
    },
    "node_modules/@supabase/realtime-js": {
      "version": "2.110.5",
      "resolved": "https://registry.npmjs.org/@supabase/realtime-js/-/realtime-js-2.110.5.tgz",
      "integrity": "sha512-VtOZxw5jfrc37KgIfFdp9SOFJjtvJ0qU+gT8CPQjL7cqy4DJlaTXacw5aBBogLZksqAI0YN67qhlDaMKFwfOuw==",
      "license": "MIT",
      "dependencies": {
        "@supabase/phoenix": "0.4.4",
        "tslib": "2.8.1"
      },
      "engines": {
        "node": ">=22.0.0"
      }
    },
    "node_modules/@supabase/storage-js": {
      "version": "2.110.5",
      "resolved": "https://registry.npmjs.org/@supabase/storage-js/-/storage-js-2.110.5.tgz",
      "integrity": "sha512-7GkOZlrYknVGVPyijoDbu5OXGvQ2oQ6dkU0juAkIMPZ9QgtmJ8IPrxe76zGSbmzbaC1GdKw7pqeXEi2HT67sbA==",
      "license": "MIT",
      "dependencies": {
        "iceberg-js": "^0.8.1",
        "tslib": "2.8.1"
      },
      "engines": {
        "node": ">=22.0.0"
      }
    },
    "node_modules/@supabase/supabase-js": {
      "version": "2.110.5",
      "resolved": "https://registry.npmjs.org/@supabase/supabase-js/-/supabase-js-2.110.5.tgz",
      "integrity": "sha512-cAO1Nm+CCogRNVXN93bBkh0vjOdLM5e6J9gB/cHV9Lqni/gEmN2HJFrnn4NI33GYIfmlh4Wbm6siH+XXRgpexA==",
      "license": "MIT",
      "dependencies": {
        "@supabase/auth-js": "2.110.5",
        "@supabase/functions-js": "2.110.5",
        "@supabase/postgrest-js": "2.110.5",
        "@supabase/realtime-js": "2.110.5",
        "@supabase/storage-js": "2.110.5"
      },
      "engines": {
        "node": ">=22.0.0"
      }
    },
    "node_modules/accepts": {
      "version": "2.0.0",
      "resolved": "https://registry.npmjs.org/accepts/-/accepts-2.0.0.tgz",
      "integrity": "sha512-5cvg6CtKwfgdmVqY1WIiXKc3Q1bkRqGLi+2W/6ao+6Y7gu/RCwRuAhGEzh5B4KlszSuTLgZYuqFqo5bImjNKng==",
      "license": "MIT",
      "dependencies": {
        "mime-types": "^3.0.0",
        "negotiator": "^1.0.0"
      },
      "engines": {
        "node": ">= 0.6"
      }
    },
    "node_modules/ansi-regex": {
      "version": "5.0.1",
      "resolved": "https://registry.npmjs.org/ansi-regex/-/ansi-regex-5.0.1.tgz",
      "integrity": "sha512-quJQXlTSUGL2LH9SUXo8VwsY4soanhgo6LNSm84E1LBcE8s3O0wpdiRzyR9z/ZZJMlMWv37qOOb9pdJlMUEKFQ==",
      "license": "MIT",
      "engines": {
        "node": ">=8"
      }
    },
    "node_modules/ansi-styles": {
      "version": "4.3.0",
      "resolved": "https://registry.npmjs.org/ansi-styles/-/ansi-styles-4.3.0.tgz",
      "integrity": "sha512-zbB9rCJAT1rbjiVDb2hqKFHNYLxgtk8NURxZ3IZwD3F6NtxbXZQCnnSi1Lkx+IDohdPlFp222wVALIheZJQSEg==",
      "license": "MIT",
      "dependencies": {
        "color-convert": "^2.0.1"
      },
      "engines": {
        "node": ">=8"
      },
      "funding": {
        "url": "https://github.com/chalk/ansi-styles?sponsor=1"
      }
    },
    "node_modules/body-parser": {
      "version": "2.3.0",
      "resolved": "https://registry.npmjs.org/body-parser/-/body-parser-2.3.0.tgz",
      "integrity": "sha512-2cGmJupaNgg+QUwVLAucDuWuoMZ6EX9iHDRswZ5lsNYEmwPaRknMPCLZz07yTzVq/83p4o/wzbDZbBrTvGGTIw==",
      "license": "MIT",
      "dependencies": {
        "bytes": "^3.1.2",
        "content-type": "^2.0.0",
        "debug": "^4.4.3",
        "http-errors": "^2.0.1",
        "iconv-lite": "^0.7.2",
        "on-finished": "^2.4.1",
        "qs": "^6.15.2",
        "raw-body": "^3.0.2",
        "type-is": "^2.1.0"
      },
      "engines": {
        "node": ">=18"
      },
      "funding": {
        "type": "opencollective",
        "url": "https://opencollective.com/express"
      }
    },
    "node_modules/body-parser/node_modules/content-type": {
      "version": "2.0.0",
      "resolved": "https://registry.npmjs.org/content-type/-/content-type-2.0.0.tgz",
      "integrity": "sha512-j/O/d7GcZCyNl7/hwZAb606rzqkyvaDctLmckbxLzHvFBzTJHuGEdodATcP3yIRoDrLHkIATJuvzbFlp/ki2cQ==",
      "license": "MIT",
      "engines": {
        "node": ">=18"
      },
      "funding": {
        "type": "opencollective",
        "url": "https://opencollective.com/express"
      }
    },
    "node_modules/bytes": {
      "version": "3.1.2",
      "resolved": "https://registry.npmjs.org/bytes/-/bytes-3.1.2.tgz",
      "integrity": "sha512-/Nf7TyzTx6S3yRJObOAV7956r8cr2+Oj8AC5dt8wSP3BQAoeX58NoHyCU8P8zGkNXStjTSi6fzO6F0pBdcYbEg==",
      "license": "MIT",
      "engines": {
        "node": ">= 0.8"
      }
    },
    "node_modules/call-bind-apply-helpers": {
      "version": "1.0.2",
      "resolved": "https://registry.npmjs.org/call-bind-apply-helpers/-/call-bind-apply-helpers-1.0.2.tgz",
      "integrity": "sha512-Sp1ablJ0ivDkSzjcaJdxEunN5/XvksFJ2sMBFfq6x0ryhQV/2b/KwFe21cMpmHtPOSij8K99/wSfoEuTObmuMQ==",
      "license": "MIT",
      "dependencies": {
        "es-errors": "^1.3.0",
        "function-bind": "^1.1.2"
      },
      "engines": {
        "node": ">= 0.4"
      }
    },
    "node_modules/call-bound": {
      "version": "1.0.4",
      "resolved": "https://registry.npmjs.org/call-bound/-/call-bound-1.0.4.tgz",
      "integrity": "sha512-+ys997U96po4Kx/ABpBCqhA9EuxJaQWDQg7295H4hBphv3IZg0boBKuwYpt4YXp6MZ5AmZQnU/tyMTlRpaSejg==",
      "license": "MIT",
      "dependencies": {
        "call-bind-apply-helpers": "^1.0.2",
        "get-intrinsic": "^1.3.0"
      },
      "engines": {
        "node": ">= 0.4"
      },
      "funding": {
        "url": "https://github.com/sponsors/ljharb"
      }
    },
    "node_modules/camelcase": {
      "version": "5.3.1",
      "resolved": "https://registry.npmjs.org/camelcase/-/camelcase-5.3.1.tgz",
      "integrity": "sha512-L28STB170nwWS63UjtlEOE3dldQApaJXZkOI1uMFfzf3rRuPegHaHesyee+YxQ+W6SvRDQV6UrdOdRiR153wJg==",
      "license": "MIT",
      "engines": {
        "node": ">=6"
      }
    },
    "node_modules/cliui": {
      "version": "6.0.0",
      "resolved": "https://registry.npmjs.org/cliui/-/cliui-6.0.0.tgz",
      "integrity": "sha512-t6wbgtoCXvAzst7QgXxJYqPt0usEfbgQdftEPbLL/cvv6HPE5VgvqCuAIDR0NgU52ds6rFwqrgakNLrHEjCbrQ==",
      "license": "ISC",
      "dependencies": {
        "string-width": "^4.2.0",
        "strip-ansi": "^6.0.0",
        "wrap-ansi": "^6.2.0"
      }
    },
    "node_modules/color-convert": {
      "version": "2.0.1",
      "resolved": "https://registry.npmjs.org/color-convert/-/color-convert-2.0.1.tgz",
      "integrity": "sha512-RRECPsj7iu/xb5oKYcsFHSppFNnsj/52OVTRKb4zP5onXwVF3zVmmToNcOfGC+CRDpfK/U584fMg38ZHCaElKQ==",
      "license": "MIT",
      "dependencies": {
        "color-name": "~1.1.4"
      },
      "engines": {
        "node": ">=7.0.0"
      }
    },
    "node_modules/color-name": {
      "version": "1.1.4",
      "resolved": "https://registry.npmjs.org/color-name/-/color-name-1.1.4.tgz",
      "integrity": "sha512-dOy+3AuW3a2wNbZHIuMZpTcgjGuLU/uBL/ubcZF9OXbDo8ff4O8yVp5Bf0efS8uEoYo5q4Fx7dY9OgQGXgAsQA==",
      "license": "MIT"
    },
    "node_modules/content-disposition": {
      "version": "1.1.0",
      "resolved": "https://registry.npmjs.org/content-disposition/-/content-disposition-1.1.0.tgz",
      "integrity": "sha512-5jRCH9Z/+DRP7rkvY83B+yGIGX96OYdJmzngqnw2SBSxqCFPd0w2km3s5iawpGX8krnwSGmF0FW5Nhr0Hfai3g==",
      "license": "MIT",
      "engines": {
        "node": ">=18"
      },
      "funding": {
        "type": "opencollective",
        "url": "https://opencollective.com/express"
      }
    },
    "node_modules/content-type": {
      "version": "1.0.5",
      "resolved": "https://registry.npmjs.org/content-type/-/content-type-1.0.5.tgz",
      "integrity": "sha512-nTjqfcBFEipKdXCv4YDQWCfmcLZKm81ldF0pAopTvyrFGVbcR6P/VAAd5G7N+0tTr8QqiU0tFadD6FK4NtJwOA==",
      "license": "MIT",
      "engines": {
        "node": ">= 0.6"
      }
    },
    "node_modules/cookie": {
      "version": "0.7.2",
      "resolved": "https://registry.npmjs.org/cookie/-/cookie-0.7.2.tgz",
      "integrity": "sha512-yki5XnKuf750l50uGTllt6kKILY4nQ1eNIQatoXEByZ5dWgnKqbnqmTrBE5B4N7lrMJKQ2ytWMiTO2o0v6Ew/w==",
      "license": "MIT",
      "engines": {
        "node": ">= 0.6"
      }
    },
    "node_modules/cookie-signature": {
      "version": "1.2.2",
      "resolved": "https://registry.npmjs.org/cookie-signature/-/cookie-signature-1.2.2.tgz",
      "integrity": "sha512-D76uU73ulSXrD1UXF4KE2TMxVVwhsnCgfAyTg9k8P6KGZjlXKrOLe4dJQKI3Bxi5wjesZoFXJWElNWBjPZMbhg==",
      "license": "MIT",
      "engines": {
        "node": ">=6.6.0"
      }
    },
    "node_modules/cors": {
      "version": "2.8.6",
      "resolved": "https://registry.npmjs.org/cors/-/cors-2.8.6.tgz",
      "integrity": "sha512-tJtZBBHA6vjIAaF6EnIaq6laBBP9aq/Y3ouVJjEfoHbRBcHBAHYcMh/w8LDrk2PvIMMq8gmopa5D4V8RmbrxGw==",
      "license": "MIT",
      "dependencies": {
        "object-assign": "^4",
        "vary": "^1"
      },
      "engines": {
        "node": ">= 0.10"
      },
      "funding": {
        "type": "opencollective",
        "url": "https://opencollective.com/express"
      }
    },
    "node_modules/debug": {
      "version": "4.4.3",
      "resolved": "https://registry.npmjs.org/debug/-/debug-4.4.3.tgz",
      "integrity": "sha512-RGwwWnwQvkVfavKVt22FGLw+xYSdzARwm0ru6DhTVA3umU5hZc28V3kO4stgYryrTlLpuvgI9GiijltAjNbcqA==",
      "license": "MIT",
      "dependencies": {
        "ms": "^2.1.3"
      },
      "engines": {
        "node": ">=6.0"
      },
      "peerDependenciesMeta": {
        "supports-color": {
          "optional": true
        }
      }
    },
    "node_modules/decamelize": {
      "version": "1.2.0",
      "resolved": "https://registry.npmjs.org/decamelize/-/decamelize-1.2.0.tgz",
      "integrity": "sha512-z2S+W9X73hAUUki+N+9Za2lBlun89zigOyGrsax+KUQ6wKW4ZoWpEYBkGhQjwAjjDCkWxhY0VKEhk8wzY7F5cA==",
      "license": "MIT",
      "engines": {
        "node": ">=0.10.0"
      }
    },
    "node_modules/depd": {
      "version": "2.0.0",
      "resolved": "https://registry.npmjs.org/depd/-/depd-2.0.0.tgz",
      "integrity": "sha512-g7nH6P6dyDioJogAAGprGpCtVImJhpPk/roCzdb3fIh61/s/nPsfR6onyMwkCAR/OlC3yBC0lESvUoQEAssIrw==",
      "license": "MIT",
      "engines": {
        "node": ">= 0.8"
      }
    },
    "node_modules/dijkstrajs": {
      "version": "1.0.3",
      "resolved": "https://registry.npmjs.org/dijkstrajs/-/dijkstrajs-1.0.3.tgz",
      "integrity": "sha512-qiSlmBq9+BCdCA/L46dw8Uy93mloxsPSbwnm5yrKn2vMPiy8KyAskTF6zuV/j5BMsmOGZDPs7KjU+mjb670kfA==",
      "license": "MIT"
    },
    "node_modules/dotenv": {
      "version": "17.4.2",
      "resolved": "https://registry.npmjs.org/dotenv/-/dotenv-17.4.2.tgz",
      "integrity": "sha512-nI4U3TottKAcAD9LLud4Cb7b2QztQMUEfHbvhTH09bqXTxnSie8WnjPALV/WMCrJZ6UV/qHJ6L03OqO3LcdYZw==",
      "license": "BSD-2-Clause",
      "engines": {
        "node": ">=12"
      },
      "funding": {
        "url": "https://dotenvx.com"
      }
    },
    "node_modules/dunder-proto": {
      "version": "1.0.1",
      "resolved": "https://registry.npmjs.org/dunder-proto/-/dunder-proto-1.0.1.tgz",
      "integrity": "sha512-KIN/nDJBQRcXw0MLVhZE9iQHmG68qAVIBg9CqmUYjmQIhgij9U5MFvrqkUL5FbtyyzZuOeOt0zdeRe4UY7ct+A==",
      "license": "MIT",
      "dependencies": {
        "call-bind-apply-helpers": "^1.0.1",
        "es-errors": "^1.3.0",
        "gopd": "^1.2.0"
      },
      "engines": {
        "node": ">= 0.4"
      }
    },
    "node_modules/ee-first": {
      "version": "1.1.1",
      "resolved": "https://registry.npmjs.org/ee-first/-/ee-first-1.1.1.tgz",
      "integrity": "sha512-WMwm9LhRUo+WUaRN+vRuETqG89IgZphVSNkdFgeb6sS/E4OrDIN7t48CAewSHXc6C8lefD8KKfr5vY61brQlow==",
      "license": "MIT"
    },
    "node_modules/emoji-regex": {
      "version": "8.0.0",
      "resolved": "https://registry.npmjs.org/emoji-regex/-/emoji-regex-8.0.0.tgz",
      "integrity": "sha512-MSjYzcWNOA0ewAHpz0MxpYFvwg6yjy1NG3xteoqz644VCo/RPgnr1/GGt+ic3iJTzQ8Eu3TdM14SawnVUmGE6A==",
      "license": "MIT"
    },
    "node_modules/encodeurl": {
      "version": "2.0.0",
      "resolved": "https://registry.npmjs.org/encodeurl/-/encodeurl-2.0.0.tgz",
      "integrity": "sha512-Q0n9HRi4m6JuGIV1eFlmvJB7ZEVxu93IrMyiMsGC0lrMJMWzRgx6WGquyfQgZVb31vhGgXnfmPNNXmxnOkRBrg==",
      "license": "MIT",
      "engines": {
        "node": ">= 0.8"
      }
    },
    "node_modules/es-define-property": {
      "version": "1.0.1",
      "resolved": "https://registry.npmjs.org/es-define-property/-/es-define-property-1.0.1.tgz",
      "integrity": "sha512-e3nRfgfUZ4rNGL232gUgX06QNyyez04KdjFrF+LTRoOXmrOgFKDg4BCdsjW8EnT69eqdYGmRpJwiPVYNrCaW3g==",
      "license": "MIT",
      "engines": {
        "node": ">= 0.4"
      }
    },
    "node_modules/es-errors": {
      "version": "1.3.0",
      "resolved": "https://registry.npmjs.org/es-errors/-/es-errors-1.3.0.tgz",
      "integrity": "sha512-Zf5H2Kxt2xjTvbJvP2ZWLEICxA6j+hAmMzIlypy4xcBg1vKVnx89Wy0GbS+kf5cwCVFFzdCFh2XSCFNULS6csw==",
      "license": "MIT",
      "engines": {
        "node": ">= 0.4"
      }
    },
    "node_modules/esën=¶‰žËkºwµçAµ©Ì¹½Éœ½Á¹©Ì¼´½Á¹©Ì´Ô¸À¸À¹Ñèˆ°(€€€€€€‰¥¹Ñ•É¥Ñäˆè€‰Í¡„ÔÄÈ´ÐÁE\Õe…±	9™E¼ÕåIeµ¥ÜÝeèÙQ--YÈÍ ØäÜÁÉe¬Í™EÁÍ]É‰¨ÅAé)á•(ÄåIE©¡5‰-A%Õ5dáÉ…aŒáµ½½±YÜôôˆ°(€€€€€€‰±¥•¹Í”ˆè€‰5%Pˆ°(€€€€€€‰•¹¥¹•Ìˆèì(€€€€€€€€‰¹½‘”ˆè€ˆøôÄÀ¸ÄÌ¸Àˆ(€€€€€ô(€€€ô°(€€€€‰¹½‘•}µ½‘Õ±•Ì½ÁÉ½áäµ…‘‘Èˆèì(€€€€€€‰Ù•ÉÍ¥½¸ˆè€ˆÈ¸À¸Üˆ°(€€€€€€‰É•Í½±Ù•ˆè€‰¡ÑÑÁÌè¼½É•¥ÍÑÉä¹¹Áµ©Ì¹½Éœ½ÁÉ½áäµ…‘‘È¼´½ÁÉ½áäµ…‘‘È´È¸À¸Ü¹Ñèˆ°(€€€€€€‰¥¹Ñ•É¥Ñäˆè€‰Í¡„ÔÄÈµ±±EÍ51MUUAPÐÑ©‘ÉT½<ÌÝÅ±¹¥™¥Ñ@­iÝÉµµi½M-å1-ÙÑiáÁåXÁ¸È½‰½8ÑÑ	h½)‘iTÝ-5É…½,Ä­aeœôôˆ°(€€€€€€‰±¥•¹Í”ˆè€‰5%Pˆ°(€€€€€€‰‘•Á•¹‘•¹¥•Ìˆèì(€€€€€€€€‰™½ÉÝ…É‘•ˆè€ˆÀ¸È¸Àˆ°(€€€€€€€€‰¥Á…‘‘È¹©Ìˆè€ˆÄ¸ä¸Äˆ(€€€€€ô°(€€€€€€‰•¹¥¹•Ìˆèì(€€€€€€€€‰¹½‘”ˆè€ˆøô€À¸ÄÀˆ(€€€€€ô(€€€ô°(€€€€‰¹½‘•}µ½‘Õ±•Ì½ÅÉ½‘”ˆèì(€€€€€€‰Ù•ÉÍ¥½¸ˆè€ˆÄ¸Ô¸Ðˆ°(€€€€€€‰É•Í½±Ù•ˆè€‰¡ÑÑÁÌè¼½É•¥ÍÑÉä¹¹Áµ©Ì¹½Éœ½ÅÉ½‘”¼´½ÅÉ½‘”´Ä¸Ô¸Ð¹Ñèˆ°(€€€€€€‰¥¹Ñ•É¥Ñäˆè€‰Í¡„ÔÄÈ´Å„ÜÅi¥ÔÙ=I©!Å	Á¹M5QHÉI•Q½`Ñ°ÅÔÅY1åY•	Q…ÙéE¹ØÕ)á5ÈÍÕ­!Y-ÁMÉMÉ5¬Á±9)Må­©U™èÝiœôôˆ°(€€€€€€‰±¥•¹Í”ˆè€‰5%Pˆ°(€€€€€€‰‘•Á•¹‘•¹¥•Ìˆèì(€€€€€€€€‰‘¥©­ÍÑÉ…©Ìˆè€‰xÄ¸À¸Äˆ°(€€€€€€€€‰Á¹©Ìˆè€‰xÔ¸À¸Àˆ°(€€€€€€€€‰å…ÉÌˆè€‰xÄÔ¸Ì¸Äˆ(€€€€€ô°(€€€€€€‰‰¥¸ˆèì(€€€€€€€€‰ÅÉ½‘”ˆè€‰‰¥¸½ÅÉ½‘”ˆ(€€€€€ô°(€€€€€€‰•¹¥¹•Ìˆèì(€€€€€€€€‰¹½‘”ˆè€ˆøôÄÀ¸ÄÌ¸Àˆ(€€€€€ô(€€€ô°(€€€€‰¹½‘•}µ½‘Õ±•Ì½ÅÌˆèì(€€€€€€‰Ù•ÉÍ¥½¸ˆè€ˆØ¸ÄÔ¸Ìˆ°(€€€€€€‰É•Í½±Ù•ˆè€‰¡ÑÑÁÌè¼½É•¥ÍÑÉä¹¹Áµ©Ì¹½Éœ½ÅÌ¼´½ÅÌ´Ø¸ÄÔ¸Ì¹Ñèˆ°(€€€€€€‰¥¹Ñ•É¥Ñäˆè€‰Í¡„ÔÄÈµ<å°Íé°Õ Õ‰±ÜÅ-UéE-¡Õ½UaM°áÉÝU%4Õ¼ÁLÍ¹a5±¥MÙäÕéàÜ½)$­MÝ%Ø­%¹•MiÝ¡	 Å½Må!ÜÅôôˆ°(€€€€€€‰±¥•¹Í”ˆè€‰	M´Ìµ±…ÕÍ”ˆ°(€€€€€€‰‘•Á•¹‘•¹¥•Ìˆèì(€€€€€€€€‰•Ìµ‘•™¥¹”µÁÉ½Á•ÉÑäˆè€‰xÄ¸À¸Äˆ°(€€€€€€€€‰Í¥‘”µ¡…¹¹•°ˆè€‰xÄ¸Ä¸Äˆ(€€€€€ô°(€€€€€€‰•¹¥¹•Ìˆèì(€€€€€€€€‰¹½‘”ˆè€ˆøôÀ¸Øˆ(€€€€€ô°(€€€€€€‰™Õ¹‘¥¹œˆèì(€€€€€€€€‰ÕÉ°ˆè€‰¡ÑÑÁÌè¼½¥Ñ¡Õˆ¹½´½ÍÁ½¹Í½ÉÌ½±©¡…Éˆˆ(€€€€€ô(€€€ô°(€€€€‰¹½‘•}µ½‘Õ±•Ì½É…¹”µÁ…ÉÍ•Èˆèì(€€€€€€‰Ù•ÉÍ¥½¸ˆè€ˆÄ¸Ì¸Àˆ°(€€€€€€‰É•Í½±Ù•ˆè€‰¡ÑÑÁÌè¼½É•¥ÍÑÉä¹¹Áµ©Ì¹½Éœ½É…¹”µÁ…ÉÍ•È¼´½É…¹”µÁ…ÉÍ•È´Ä¸Ì¸À¹Ñèˆ°(€€€€€€‰¥¹Ñ•É¥Ñäˆè€‰Í¡„ÔÄÈµ¡•¬ÉµEÁAÕ$ÑÅ		-ÉMÑ¼­	TÍ”ÍàÑáÕ…ÉÍ‰¥ÝÈÌ­±˜ÝÀÐÑ©ÕÙ5XÁa]E@ÍáUåÅaÑIÉa1%½…MU‰MÐÀÔÙi5Üôôˆ°(€€€€€€‰±¥•¹Í”ˆè€‰5%Pˆ°(€€€€€€‰•¹¥¹•Ìˆèì(€€€€€€€€‰¹½‘”ˆè€ˆøô€À¸Øˆ(€€€€€ô°(€€€€€€‰™Õ¹‘¥¹œˆèì(€€€€€€€€‰ÑåÁ”ˆè€‰½Á•¹½±±•Ñ¥Ù”ˆ°(€€€€€€€€‰ÕÉ°ˆè€‰¡ÑÑÁÌè¼½½Á•¹½±±•Ñ¥Ù”¹½´½•áÁÉ•ÍÌˆ(€€€€€ô(€€€ô°(€€€€‰¹½‘•}µ½‘Õ±•Ì½É…Üµ‰½‘äˆèì(€€€€€€‰Ù•ÉÍ¥½¸ˆè€ˆÌ¸À¸Èˆ°(€€€€€€‰É•Í½±Ù•ˆè€‰¡ÑÑÁÌè¼½É•¥ÍÑÉä¹¹Áµ©Ì¹½Éœ½É…Üµ‰½‘ä¼´½É…Üµ‰½‘ä´Ì¸À¸È¹Ñèˆ°(€€€€€€‰¥¹Ñ•É¥Ñäˆè€‰Í¡„ÔÄÈµ,ÕéE©±±á]­˜ÝhÕá)‘XÀ½Á]Q9ÅàÙÙáÜÁé)Ñ8Á­	ÌÑ1½Ùµe])éEáå‰LåI-ÔÍ‰4ÐÁ±ÉÕé½1(ÄÉ5DÕ	ôôˆ°(€€€€€€‰±¥•¹Í”ˆè€‰5%Pˆ°(€€€€€€‰‘•Á•¹‘•¹¥•Ìˆèì(€€€€€€€€‰‰åÑ•Ìˆè€‰øÌ¸Ä¸Èˆ°(€€€€€€€€‰¡ÑÑÀµ•ÉÉ½ÉÌˆè€‰øÈ¸À¸Äˆ°(€€€€€€€€‰¥½¹Øµ±¥Ñ”ˆè€‰øÀ¸Ü¸Àˆ°(€€€€€€€€‰Õ¹Á¥Á”ˆè€‰øÄ¸À¸Àˆ(€€€€€ô°(€€€€€€‰•¹¥¹•Ìˆèì(€€€€€€€€‰¹½‘”ˆè€ˆøô€À¸ÄÀˆ(€€€€€ô(€€€ô°(€€€€‰¹½‘•}µ½‘Õ±•Ì½É•ÅÕ¥É”µ‘¥É•Ñ½Éäˆèì(€€€€€€‰Ù•ÉÍ¥½¸ˆè€ˆÈ¸Ä¸Äˆ°(€€€€€€‰É•Í½±Ù•ˆè€‰¡ÑÑÁÌè¼½É•¥ÍÑÉä¹¹Áµ©Ì¹½Éœ½É•ÅÕ¥É”µ‘¥É•Ñ½Éä¼´½É•ÅÕ¥É”µ‘¥É•Ñ½Éä´È¸Ä¸Ä¹Ñèˆ°(€€€€€€‰¥¹Ñ•É¥Ñäˆè€‰Í¡„ÔÄÈµ™á$Ü­ÝÍåáÉÙ‘©ÍÉ±µ0ÈÉ=5QQ¥!IÝ5É½¥•5Äáé½1½AEÈÝIÍIMQ1Uœ½‰iiÑ­QY%­!ŒØ¼ÑI%-ÉÕ¤­Dôôˆ°(€€€€€€‰±¥•¹Í”ˆè€‰5%Pˆ°(€€€€€€‰•¹¥¹•Ìˆèì(€€€€€€€€‰¹½‘”ˆè€ˆøôÀ¸ÄÀ¸Àˆ(€€€€€ô(€€€ô°(€€€€‰¹½‘•}µ½‘Õ±•Ì½É•ÅÕ¥É”µµ…¥¸µ™¥±•¹…µ”ˆèì(€€€€€€‰Ù•ÉÍ¥½¸ˆè€ˆÈ¸À¸Àˆ°(€€€€€€‰É•Í½±Ù•ˆè€‰¡ÑÑÁÌè¼½É•¥ÍÑÉä¹¹Áµ©Ì¹½Éœ½É•ÅÕ¥É”µµ…¥¸µ™¥±•¹…µ”¼´½É•ÅÕ¥É”µµ…¥¸µ™¥±•¹…µ”´È¸À¸À¹Ñèˆ°(€€€€€€‰¥¹Ñ•É¥Ñäˆè€‰Í¡„ÔÄÈµ9-8Õ­5å±-Õ±‘áe1MU™É‰¼ÕQÕé Ñ¡¬Éá9AA`ÀÉµiÑ¸ÅYÕIEQ½e”½i‘±)ä­(ÍÕÁ™…¥ÀÕ”Ýá\Á¥a‰E!µœôôˆ°(€€€€€€‰±¥•¹Í”ˆè€‰%Mˆ(€€€ô°(€€€€‰¹½‘•}µ½‘Õ±•Ì½É½ÕÑ•Èˆèì(€€€€€€‰Ù•ÉÍ¥½¸ˆè€ˆÈ¸È¸Àˆ°(€€€€€€‰É•Í½±Ù•ˆè€‰¡ÑÑÁÌè¼½É•¥ÍÑÉä¹¹Áµ©Ì¹½Éœ½É½ÕÑ•È¼´½É½ÕÑ•È´È¸È¸À¹Ñèˆ°(€€€€€€‰¥¹Ñ•É¥Ñäˆè€‰Í¡„ÔÄÈµ¹1QÉU-´ÉUå¥0ÝÉ±¡…ÁÔ½i°ÐÕÝ9­i…Ái‰%!…©eÝ±)=é1M¬­%A¹ÍÅXäÔÕ©%1)¹-‰‘EÅ¹YAè­eDôôˆ°(€€€€€€‰±¥•¹Í”ˆè€‰5%Pˆ°(€€€€€€‰‘•Á•¹‘•¹¥•Ìˆèì(€€€€€€€€‰‘•‰Õœˆè€‰xÐ¸Ð¸Àˆ°(€€€€€€€€‰‘•Áˆè€‰xÈ¸À¸Àˆ°(€€€€€€€€‰¥ÌµÁÉ½µ¥Í”ˆè€‰xÐ¸À¸Àˆ°(€€€€€€€€‰Á…ÉÍ•ÕÉ°ˆè€‰xÄ¸Ì¸Ìˆ°(€€€€€€€€‰Á…Ñ µÑ¼µÉ••áÀˆè€‰xà¸À¸Àˆ(€€€€€ô°(€€€€€€‰•¹¥¹•Ìˆèì(€€€€€€€€‰¹½‘”ˆè€ˆøô€Äàˆ(€€€€€ô(€€€ô°(€€€€‰¹½‘•}µ½‘Õ±•Ì½Í…™•Èµ‰Õ™™•Èˆèì(€€€€€€‰Ù•ÉÍ¥½¸ˆè€ˆÈ¸Ä¸Èˆ°(€€€€€€‰É•Í½±Ù•ˆè€‰¡ÑÑÁÌè¼½É•¥ÍÑÉä¹¹Áµ©Ì¹½Éœ½Í…™•Èµ‰Õ™™•È¼´½Í…™•Èµ‰Õ™™•È´È¸Ä¸È¹Ñèˆ°(€€€€€€‰¥¹Ñ•É¥Ñäˆè€‰Í¡„ÔÄÈµei¼Í,àÉMÝI¥å¤ÁÅEA½©1èÝ­Á•Á¹ME$å%åA‰!!œÅaaa•ÙˆÕ‘)$ÝÑÁå8ÉáE‰!ÝÙåI!¬Á‰ÝÅEÉ¥UÑœôôˆ°(€€€€€€‰±¥•¹Í”ˆè€‰5%Pˆ(€€€ô°(€€€€‰¹½‘•}µ½‘Õ±•Ì½Í•¹ˆèì(€€€€€€‰Ù•ÉÍ¥½¸ˆè€ˆÄ¸È¸Äˆ°(€€€€€€‰É•Í½±Ù•ˆè€‰¡ÑÑÁÌè¼½É•¥ÍÑÉä¹¹Áµ©Ì¹½Éœ½Í•¹¼´½Í•¹´Ä¸È¸Ä¹Ñèˆ°(€€€€€€‰¥¹Ñ•É¥Ñäˆè€‰Í¡„ÔÄÈ´Å¹i˜Ý½%…©Q©QÝ©ÝÕ©éÕèÑAAdÉMÑ-A±ÍDÄ­e ÈÁ%IYÉ	…aM]µ‘©½ÝQ(ÙÔáIŒÀÅA½e=!a™@Åµei9Dôôˆ°(€€€€€€‰±¥•¹Í”ˆè€‰5%Pˆ°(€€€€€€‰‘•Á•¹‘•¹¥•Ìˆèì(€€€€€€€€‰‘•‰Õœˆè€‰xÐ¸Ð¸Ìˆ°(€€€€€€€€‰•¹½‘•ÕÉ°ˆè€‰xÈ¸À¸Àˆ°(€€€€€€€€‰•Í…Á”µ¡Ñµ°ˆè€‰xÄ¸À¸Ìˆ°(€€€€€€€€‰•Ñ…œˆè€‰xÄ¸à¸Äˆ°(€€€€€€€€‰™É•Í ˆè€‰xÈ¸À¸Àˆ°(€€€€€€€€‰¡ÑÑÀµ•ÉÉ½ÉÌˆè€‰xÈ¸À¸Äˆ°(€€€€€€€€‰µ¥µ”µÑåÁ•Ìˆè€‰xÌ¸À¸Èˆ°(€€€€€€€€‰µÌˆè€‰xÈ¸Ä¸Ìˆ°(€€€€€€€€‰½¸µ™¥¹¥Í¡•ˆè€‰xÈ¸Ð¸Äˆ°(€€€€€€€€‰É…¹”µÁ…ÉÍ•Èˆè€‰xÄ¸È¸Äˆ°(€€€€€€€€‰ÍÑ…ÑÕÍ•Ìˆè€‰xÈ¸À¸Èˆ(€€€€€ô°(€€€€€€‰•¹¥¹•Ìˆèì(€€€€€€€€‰¹½‘”ˆè€ˆøô€Äàˆ(€€€€€ô°(€€€€€€‰™Õ¹‘¥¹œˆèì(€€€€€€€€‰ÑåÁ”ˆè€‰½Á•¹½±±•Ñ¥Ù”ˆ°(€€€€€€€€‰ÕÉ°ˆè€‰¡ÑÑÁÌè¼½½Á•¹½±±•Ñ¥Ù”¹½´½•áÁÉ•ÍÌˆ(€€€€€ô(€€€ô°(€€€€‰¹½‘•}µ½‘Õ±•Ì½Í•ÉÙ”µÍÑ…Ñ¥Œˆèì(€€€€€€‰Ù•ÉÍ¥½¸ˆè€ˆÈ¸È¸Äˆ°(€€€€€€‰É•Í½±Ù•ˆè€‰¡ÑÑÁÌè¼½É•¥ÍÑÉä¹¹Áµ©Ì¹½Éœ½Í•ÉÙ”µÍÑ…Ñ¥Œ¼´½Í•ÉÙ”µÍÑ…Ñ¥Œ´È¸È¸Ä¹Ñèˆ°(€€€€€€‰¥¹Ñ•É¥Ñäˆè€‰Í¡„ÔÄÈµáIa	¸ÁÁAÅEQYE¥áÝåEÉ-ÌÉ5=±`ÈÑéDÁA=…¨Á­Õ±ÑÙ½=ÍÑ	E4ÕåÙ=¡YMUÝ=5©EÑQÙÍA]½9!™AÝ……E)¡QÜôôˆ°(€€€€€€‰±¥•¹Í”ˆè€‰5%Pˆ°(€€€€€€‰‘•Á•¹‘•¹¥•Ìˆèì(€€€€€€€€‰•¹½‘•ÕÉ°ˆè€‰xÈ¸À¸Àˆ°(€€€€€€€€‰•Í…Á”µ¡Ñµ°ˆè€‰xÄ¸À¸Ìˆ°(€€€€€€€€‰Á…ÉÍ•ÕÉ°ˆè€‰xÄ¸Ì¸Ìˆ°(€€€€€€€€‰Í•¹ˆè€‰xÄ¸È¸Àˆ(€€€€€ô°(€€€€€€‰•¹¥¹•Ìˆèì(€€€€€€€€‰¹½‘”ˆè€ˆøô€Äàˆ(€€€€€ô°(€€€€€€‰™Õ¹‘¥¹œˆèì(€€€€€€€€‰ÑåÁ”ˆè€‰½Á•¹½±±•Ñ¥Ù”ˆ°(€€€€€€€€‰ÕÉ°ˆè€‰¡ÑÑÁÌè¼½½Á•¹½±±•Ñ¥Ù”¹½´½•áÁÉ•ÍÌˆ(€€€€€ô(€€€ô°(€€€€‰¹½‘•}µ½‘Õ±•Ì½Í•Ðµ‰±½­¥¹œˆèì(€€€€€€‰Ù•ÉÍ¥½¸ˆè€ˆÈ¸À¸Àˆ°(€€€€€€‰É•Í½±Ù•ˆè€‰¡ÑÑÁÌè¼½É•¥ÍÑÉä¹¹Áµ©Ì¹½Éœ½Í•Ðµ‰±½­¥¹œ¼´½Í•Ðµ‰±½­¥¹œ´È¸À¸À¹Ñèˆ°(€€€€€€‰¥¹Ñ•É¥Ñäˆè€‰Í¡„ÔÄÈµ-¥-	Lá¹]å1é½™™µÙ-ÝÁ‘AéÅ¥äÄÙ1ÙE™,ÍåØ½™Y Ý	¨ÄÌ½Ý°Í)MHÅ(­É™IåÄÝáU),ÑÅÙLáÉ…M=•1U•¡Üôôˆ°(€€€€€€‰±¥•¹Í”ˆè€‰%Mˆ(€€€ô°(€€€€‰¹½‘•}µ½‘Õ±•Ì½Í•ÑÁÉ½Ñ½ÑåÁ•½˜ˆèì(€€€€€€‰Ù•ÉÍ¥½¸ˆè€ˆÄ¸È¸Àˆ°(€€€€€€‰É•Í½±Ù•ˆè€‰¡ÑÑÁÌè¼½É•¥ÍÑÉä¹¹Áµ©Ì¹½Éœ½Í•ÑÁÉ½Ñ½ÑåÁ•½˜¼´½Í•ÑÁÉ½Ñ½ÑåÁ•½˜´Ä¸È¸À¹Ñèˆ°(€€€€€€‰¥¹Ñ•É¥Ñäˆè€‰Í¡„ÔÄÈµÕ1`Ý]ÉÀàÕ-¥°Õ‰¡iØÐÙ¨á©=•‰½-ÄÕ)5µe4ÍY‘ ááÁA]aU5Í9É±=É­½á5•9¤½ai%ÝÕIÙdÑa9Ýe5)ÁÜôôˆ°(€€€€€€‰±¥•¹Í”ˆè€‰%Mˆ(€€€ô°(€€€€‰¹½‘•}µ½‘Õ±•Ì½Í¥‘”µ¡…¹¹•°ˆèì(€€€€€€‰Ù•ÉÍ¥½¸ˆè€ˆÄ¸Ä¸Äˆ°(€€€€€€‰É•Í½±Ù•ˆè€‰¡ÑÑÁÌè¼½É•¥ÍÑÉä¹¹Áµ©Ì¹½Éœ½Í¥‘”µ¡…¹¹•°¼´½Í¥‘”µ¡…¹¹•°´Ä¸Ä¸Ä¹Ñèˆ°(€€€€€€‰¥¹Ñ•É¥Ñäˆè€‰Í¡„ÔÄÈ´ÙàÙ‘,Ùé)‘ÁQéÑÍE•9eáÝÑÙ	é˜ÙœÑÑ±•ÍLäÑ!=ÙQÕ‘U•å,É]a…%™µÍåÍ±eÉI	•%±Í¤ÔÑeÍUÕ¡µÙÉDôôˆ°(€€€€€€‰±¥•¹Í”ˆè€‰5%Pˆ°(€€€€€€‰‘•Á•¹‘•¹¥•Ìˆèì(€€€€€€€€‰•Ìµ•ÉÉ½ÉÌˆè€‰xÄ¸Ì¸Àˆ°(€€€€€€€€‰½‰©•Ðµ¥¹ÍÁ•Ðˆè€‰xÄ¸ÄÌ¸Ðˆ°(€€€€€€€€‰Í¥‘”µ¡…¹¹•°µ±¥ÍÐˆè€‰xÄ¸À¸Äˆ°(€€€€€€€€‰Í¥‘”µ¡…¹¹•°µµ…Àˆè€‰xÄ¸À¸Äˆ°(€€€€€€€€‰Í¥‘”µ¡…¹¹•°µÝ•…­µ…Àˆè€‰xÄ¸À¸Èˆ(€€€€€ô°(€€€€€€‰•¹¥¹•Ìˆèì(€€€€€€€€‰¹½‘”ˆè€ˆøô€À¸Ðˆ(€€€€€ô°(€€€€€€‰™Õ¹‘¥¹œˆèì(€€€€€€€€‰ÕÉ°ˆè€‰¡ÑÑÁÌè¼½¥Ñ¡Õˆ¹½´½ÍÁ½¹Í½ÉÌ½±©¡…Éˆˆ(€€€€€ô(€€€ô°(€€€€‰¹½‘•}µ½‘Õ±•Ì½Í¥‘”µ¡…¹¹•°µ±¥ÍÐˆèì(€€€€€€‰Ù•ÉÍ¥½¸ˆè€ˆÄ¸À¸Äˆ°(€€€€€€‰É•Í½±Ù•ˆè€‰¡ÑÑÁÌè¼½É•¥ÍÑÉä¹¹Áµ©Ì¹½Éœ½Í¥‘”µ¡…¹¹•°µ±¥ÍÐ¼´½Í¥‘”µ¡…¹¹•°µ±¥ÍÐ´Ä¸À¸Ä¹Ñèˆ°(€€€€€€‰¥¹Ñ•É¥Ñäˆè€‰Í¡„ÔÄÈµµ©¸¼Á‰¤½½UUI©ŒÕa°Ý%…]¤½=)))ÕµÕ½)E)™å<ÐØ­¡	]Í™…Y4ØÕQ	!ÄÉ•½i	¡é°å¡á=¥©Á­‰IáMY	ETÁÜôôˆ°(€€€€€€‰±¥•¹Í”ˆè€‰5%Pˆ°(€€€€€€‰‘•Á•¹‘•¹¥•Ìˆèì(€€€€€€€€‰•Ìµ•ÉÉ½ÉÌˆè€‰xÄ¸Ì¸Àˆ°(€€€€€€€€‰½‰©•Ðµ¥¹ÍÁ•Ðˆè€‰xÄ¸ÄÌ¸Ðˆ(€€€€€ô°(€€€€€€‰•¹¥¹•Ìˆèì(€€€€€€€€‰¹½‘”ˆè€ˆøô€À¸Ðˆ(€€€€€ô°(€€€€€€‰™Õ¹‘¥¹œˆèì(€€€€€€€€‰ÕÉ°ˆè€‰¡ÑÑÁÌè¼½¥Ñ¡Õˆ¹½´½ÍÁ½¹Í½ÉÌ½±©¡…Éˆˆ(€€€€€ô(€€€ô°(€€€€‰¹½‘•}µ½‘Õ±•Ì½Í¥‘”µ¡…¹¹•°µµ…Àˆèì(€€€€€€‰Ù•ÉÍ¥½¸ˆè€ˆÄ¸À¸Äˆ°(€€€€€€‰É•Í½±Ù•ˆè€‰¡ÑÑÁÌè¼½É•¥ÍÑÉä¹¹Áµ©Ì¹½Éœ½Í¥‘”µ¡…¹¹•°µµ…À¼´½Í¥‘”µ¡…¹¹•°µµ…À´Ä¸À¸Ä¹Ñèˆ°(€€€€€€‰¥¹Ñ•É¥Ñäˆè€‰Í¡„ÔÄÈµY©9™5Í‰äÍÑQ‘¼ÀÉ¹‰©Ñ4½•ÝÉ„Ù©A!µÁQ¡•¹­Qe áÁåÕh¼Å@áM¼ÑÔÑ	•¬½	©Á=YÍ5½1½¥Õ	-%aIôôˆ°(€€€€€€‰±¥•¹Í”ˆè€‰5%Pˆ°(€€€€€€‰‘•Á•¹‘•¹¥•Ìˆèì(€€€€€€€€‰…±°µ‰½Õ¹ˆè€‰xÄ¸À¸Èˆ°(€€€€€€€€‰•Ìµ•ÉÉ½ÉÌˆè€‰xÄ¸Ì¸Àˆ°(€€€€€€€€‰•Ðµ¥¹ÑÉ¥¹Í¥Œˆè€‰xÄ¸È¸Ôˆ°(€€€€€€€€‰½‰©•Ðµ¥¹ÍÁ•Ðˆè€‰xÄ¸ÄÌ¸Ìˆ(€€€€€ô°(€€€€€€‰•¹¥¹•Ìˆèì(€€€€€€€€‰¹½‘”ˆè€ˆøô€À¸Ðˆ(€€€€€ô°(€€€€€€‰™Õ¹‘¥¹œˆèì(€€€€€€€€‰ÕÉ°ˆè€‰¡ÑÑÁÌè¼½¥Ñ¡Õˆ¹½´½ÍÁ½¹Í½ÉÌ½±©¡…Éˆˆ(€€€€€ô(€€€ô°(€€€€‰¹½‘•}µ½‘Õ±•Ì½Í¥‘”µ¡…¹¹•°µÝ•…­µ…Àˆèì(€€€€€€‰Ù•ÉÍ¥½¸ˆè€ˆÄ¸À¸Èˆ°(€€€€€€‰É•Í½±Ù•ˆè€‰¡ÑÑÁÌè¼½É•¥ÍÑÉä¹¹Áµ©Ì¹½Éœ½Í¥‘”µ¡…¹¹•°µÝ•…­µ…À¼´½Í¥‘”µ¡…¹¹•°µÝ•…­µ…À´Ä¸À¸È¹Ñèˆ°(€€€€€€‰¥¹Ñ•É¥Ñäˆè€‰Í¡„ÔÄÈµ]AL½!Ù!EQe¹!¥Í1¼å5Å	!=)¬É­!<½Ñ±ÁÙ±‘åÉ¹•´Ñ…•EÀÑ¡…¤ÍåÑ¡ÍÝœÙÀÀÅ½M½Q°ÔáÉÁ¥©É‰ÈÉ¬Éôôˆ°(€€€€€€‰±¥•¹Í”ˆè€‰5%Pˆ°(€€€€€€‰‘•Á•¹‘•¹¥•Ìˆèì(€€€€€€€€‰…±°µ‰½Õ¹ˆè€‰xÄ¸À¸Èˆ°(€€€€€€€€‰•Ìµ•ÉÉ½ÉÌˆè€‰xÄ¸Ì¸Àˆ°(€€€€€€€€‰•Ðµ¥¹ÑÉ¥¹Í¥Œˆè€‰xÄ¸È¸Ôˆ°(€€€€€€€€‰½‰©•Ðµ¥¹ÍÁ•Ðˆè€‰xÄ¸ÄÌ¸Ìˆ°(€€€€€€€€‰Í¥‘”µ¡…¹¹•°µµ…Àˆè€‰xÄ¸À¸Äˆ(€€€€€ô°(€€€€€€‰•¹¥¹•Ìˆèì(€€€€€€€€‰¹½‘”ˆè€ˆøô€À¸Ðˆ(€€€€€ô°(€€€€€€‰™Õ¹‘¥¹œˆèì(€€€€€€€€‰ÕÉ°ˆè€‰¡ÑÑÁÌè¼½¥Ñ¡Õˆ¹½´½ÍÁ½¹Í½ÉÌ½±©¡…Éˆˆ(€€€€€ô(€€€ô°(€€€€‰¹½‘•}µ½‘Õ±•Ì½ÍÑ…ÑÕÍ•Ìˆèì(€€€€€€‰Ù•ÉÍ¥½¸ˆè€ˆÈ¸À¸Èˆ°(€€€€€€‰É•Í½±Ù•ˆè€‰¡ÑÑÁÌè¼½É•¥ÍÑÉä¹¹Áµ©Ì¹½Éœ½ÍÑ…ÑÕÍ•Ì¼´½ÍÑ…ÑÕÍ•Ì´È¸À¸È¹Ñèˆ°(€€€€€€‰¥¹Ñ•É¥Ñäˆè€‰Í¡„ÔÄÈµÙäÔÕXÍÝÕ­¹I¼¬Ñ¥=PÕ™@ÅÍ±HáÝE½¡Y‘­¹¥iA5Á5ÍÑ…-)E]¡Ý¥e	)ÍU°ÉÁQ¹Q¥¡¡	e¹I¡iE!	¥IÜôôˆ°(€€€€€€‰±¥•¹Í”ˆè€‰5%Pˆ°(€€€€€€‰•¹¥¹•Ìˆèì(€€€€€€€€‰¹½‘”ˆè€ˆøô€À¸àˆ(€€€€€ô(€€€ô°(€€€€‰¹½‘•}µ½‘Õ±•Ì½ÍÑÉ¥¹œµÝ¥‘Ñ ˆèì(€€€€€€‰Ù•ÉÍ¥½¸ˆè€ˆÐ¸È¸Ìˆ°(€€€€€€‰É•Í½±Ù•ˆè€‰¡ÑÑÁÌè¼½É•¥ÍÑÉä¹¹Áµ©Ì¹½Éœ½ÍÑÉ¥¹œµÝ¥‘Ñ ¼´½ÍÑÉ¥¹œµÝ¥‘Ñ ´Ð¸È¸Ì¹Ñèˆ°(€€€€€€‰¥¹Ñ•É¥Ñäˆè€‰Í¡„ÔÄÈµÝ-åEIEÁ©(ÁÍ%ÀØÉÉMi‘Í©5)]Í…ÀÕ½I9¥¡!¡ÔÙÝ)Y<¼å©%ÙUå•Ù0­ÑaÕ=ÅÉ¹œá¨½á-Q]å]UÝÙMQÉ¥¥iè½œôôˆ°(€€€€€€‰±¥•¹Í”ˆè€‰5%Pˆ°(€€€€€€‰‘•Á•¹‘•¹¥•Ìˆèì(€€€€€€€€‰•µ½©¤µÉ••àˆè€‰xà¸À¸Àˆ°(€€€€€€€€‰¥Ìµ™Õ±±Ý¥‘Ñ µ½‘”µÁ½¥¹Ðˆè€‰xÌ¸À¸Àˆ°(€€€€€€€€‰ÍÑÉ¥Àµ…¹Í¤ˆè€‰xØ¸À¸Äˆ(€€€€€ô°(€€€€€€‰•¹¥¹•Ìˆèì(€€€€€€€€‰¹½‘”ˆè€ˆøôàˆ(€€€€€ô(€€€ô°(€€€€‰¹½‘•}µ½‘Õ±•Ì½ÍÑÉ¥Àµ…¹Í¤ˆèì(€€€€€€‰Ù•ÉÍ¥½¸ˆè€ˆØ¸À¸Äˆ°(€€€€€€‰É•Í½±Ù•ˆè€‰¡ÑÑÁÌè¼½É•¥ÍÑÉä¹¹Áµ©Ì¹½Éœ½ÍÑÉ¥Àµ…¹Í¤¼´½ÍÑÉ¥Àµ…¹Í¤´Ø¸À¸Ä¹Ñèˆ°(€€€€€€‰¥¹Ñ•É¥Ñäˆè€‰Í¡„ÔÄÈµdÌáYAM!Å­ÉÁ¹DåÙÕMaµÅÕÕØÕ½a=-Á•PÙ…ÉÈÍ¼ÍŒå±Y„Ù)	™UM=¹‰ái¬¼Á½½$Ý-ÉAÕUMéÑU‘TÕôôˆ°(€€€€€€‰±¥•¹Í”ˆè€‰5%Pˆ°(€€€€€€‰‘•Á•¹‘•¹¥•Ìˆèì(€€€€€€€€‰…¹Í¤µÉ••àˆè€‰xÔ¸À¸Äˆ(€€€€€ô°(€€€€€€‰•¹¥¹•Ìˆèì(€€€€€€€€‰¹½‘”ˆè€ˆøôàˆ(€€€€€ô(€€€ô°(€€€€‰¹½‘•}µ½‘Õ±•Ì½Ñ½¥‘•¹Ñ¥™¥•Èˆèì(€€€€€€‰Ù•ÉÍ¥½¸ˆè€ˆÄ¸À¸Äˆ°(€€€€€€‰É•Í½±Ù•ˆè€‰¡ÑÑÁÌè¼½É•¥ÍÑÉä¹¹Áµ©Ì¹½Éœ½Ñ½¥‘•¹Ñ¥™¥•È¼´½Ñ½¥‘•¹Ñ¥™¥•È´Ä¸À¸Ä¹Ñèˆ°(€€€€€€‰¥¹Ñ•É¥Ñäˆè€‰Í¡„ÔÄÈµ¼ÕÍMA-­œ½%E9µ ÐÍXÀ½Õ•É1ÉÁéY•‘­U áÑ9Ù…•aÁ™ÁÕÝ©-•¹±M½à¼É<½	Q±iUÑ”­)ÝÌÕe¡èØÀáA±!Iôôˆ°(€€€€€€‰±¥•¹Í”ˆè€‰5%Pˆ°(€€€€€€‰•¹¥¹•Ìˆèì(€€€€€€€€‰¹½‘”ˆè€ˆøôÀ¸Øˆ(€€€€€ô(€€€ô°(€€€€‰¹½‘•}µ½‘Õ±•Ì½ÑÍ±¥ˆˆèì(€€€€€€‰Ù•ÉÍ¥½¸ˆè€ˆÈ¸à¸Äˆ°(€€€€€€‰É•Í½±Ù•ˆè€‰¡ÑÑÁÌè¼½É•¥ÍÑÉä¹¹Áµ©Ì¹½Éœ½ÑÍ±¥ˆ¼´½ÑÍ±¥ˆ´È¸à¸Ä¹Ñèˆ°(€€€€€€‰¥¹Ñ•É¥Ñäˆè€‰Í¡„ÔÄÈµ½)ÔäÑ!Eˆ­-Y‘ÕMUE0ÝÝ¹ÁµÅ¹™µ1Í=½¹ ÙˆÙ ÁÝ½,À½µA•aTÙŒÍÝ-XàÍ5­=Õ!AI!ÑMa--Täå%	…éL¼ÉÜôôˆ°(€€€€€€‰±¥•¹Í”ˆè€ˆÁ	Mˆ(€€€ô°(€€€€‰¹½‘•}µ½‘Õ±•Ì½ÑåÁ”µ¥Ìˆèì(€€€€€€‰Ù•ÉÍ¥½¸ˆè€ˆÈ¸Ä¸Àˆ°(€€€€€€‰É•Í½±Ù•ˆè€‰¡ÑÑÁÌè¼½É•¥ÍÑÉä¹¹Áµ©Ì¹½Éœ½ÑåÁ”µ¥Ì¼´½ÑåÁ”µ¥Ì´È¸Ä¸À¹Ñèˆ°(€€€€€€‰¥¹Ñ•É¥Ñäˆè€‰Í¡„ÔÄÈµ™…e!ÜÁ…¹	‰Œ½­]ÍéQ¹áM=U`å‰=	Ñ¡Ù‘1Í%±½]==ÑLÁé¥EeÝ%Í­0å¥ai0Í­aá=½hÑµ5Qôôˆ°(€€€€€€‰±¥•¹Í”ˆè€‰5%Pˆ°(€€€€€€‰‘•Á•¹‘•¹¥•Ìˆèì(€€€€€€€€‰½¹Ñ•¹ÐµÑåÁ”ˆè€‰xÈ¸À¸Àˆ°(€€€€€€€€‰µ•‘¥„µÑåÁ•Èˆè€‰xÄ¸Ä¸Àˆ°(€€€€€€€€‰µ¥µ”µÑåÁ•Ìˆè€‰xÌ¸À¸Àˆ(€€€€€ô°(€€€€€€‰•¹¥¹•Ìˆèì(€€€€€€€€‰¹½‘”ˆè€ˆøô€Äàˆ(€€€€€ô°(€€€€€€‰™Õ¹‘¥¹œˆèì(€€€€€€€€‰ÑåÁ”ˆè€‰½Á•¹½±±•Ñ¥Ù”ˆ°(€€€€€€€€‰ÕÉ°ˆè€‰¡ÑÑÁÌè¼½½Á•¹½±±•Ñ¥Ù”¹½´½•áÁÉ•ÍÌˆ(€€€€€ô(€€€ô°(€€€€‰¹½‘•}µ½‘Õ±•Ì½ÑåÁ”µ¥Ì½¹½‘•}µ½‘Õ±•Ì½½¹Ñ•¹ÐµÑåÁ”ˆèì(€€€€€€‰Ù•ÉÍ¥½¸ˆè€ˆÈ¸À¸Àˆ°(€€€€€€‰É•Í½±Ù•ˆè€‰¡ÑÑÁÌè¼½É•¥ÍÑÉä¹¹Áµ©Ì¹½Éœ½½¹Ñ•¹ÐµÑåÁ”¼´½½¹Ñ•¹ÐµÑåÁ”´È¸À¸À¹Ñèˆ°(€€€€€€‰¥¹Ñ•É¥Ñäˆè€‰Í¡„ÔÄÈµ¨½<½Ýiå9°Ü½¡ÝiˆØÀÙÉéÅ­åÙ…Ñ1µ­‰á1é!Ù	éQ)!Õ‘½‘Q@Íå%I½É1!­%Q)ÕÙé‰±À½­¤ÉDôôˆ°(€€€€€€‰±¥•¹Í”ˆè€‰5%Pˆ°(€€€€€€‰•¹¥¹•Ìˆèì(€€€€€€€€‰¹½‘”ˆè€ˆøôÄàˆ(€€€€€ô°(€€€€€€‰™Õ¹‘¥¹œˆèì(€€€€€€€€‰ÑåÁ”ˆè€‰½Á•¹½±±•Ñ¥Ù”ˆ°(€€€€€€€€‰ÕÉ°ˆè€‰¡ÑÑÁÌè¼½½Á•¹½±±•Ñ¥Ù”¹½´½•áÁÉ•ÍÌˆ(€€€€€ô(€€€ô°(€€€€‰¹½‘•}µ½‘Õ±•Ì½Õ¹Á¥Á”ˆèì(€€€€€€‰Ù•ÉÍ¥½¸ˆè€ˆÄ¸À¸Àˆ°(€€€€€€‰É•Í½±Ù•ˆè€‰¡ÑÑÁÌè¼½É•¥ÍÑÉä¹¹Áµ©Ì¹½Éœ½Õ¹Á¥Á”¼´½Õ¹Á¥Á”´Ä¸À¸À¹Ñèˆ°(€€€€€€‰¥¹Ñ•É¥Ñäˆè€‰Í¡„ÔÄÈµÁ©äÉ‰e¡MÍÕ™Ý]±-ÝAŒ­°Í8Ü­ÝÕ)±,ÙÕèÁe‘)=±E‰°Ù©¼½e±A¤Ñµˆá…U­Yá	ÝXá9Õé•åA9ÅI­ÍÍ¡éÑ-Dôôˆ°(€€€€€€‰±¥•¹Í”ˆè€‰5%Pˆ°(€€€€€€‰•¹¥¹•Ìˆèì(€€€€€€€€‰¹½‘”ˆè€ˆøô€À¸àˆ(€€€€€ô(€€€ô°(€€€€‰¹½‘•}µ½‘Õ±•Ì½Ù…Éäˆèì(€€€€€€‰Ù•ÉÍ¥½¸ˆè€ˆÄ¸Ä¸Èˆ°(€€€€€€‰É•Í½±Ù•ˆè€‰¡ÑÑÁÌè¼½É•¥ÍÑÉä¹¹Áµ©Ì¹½Éœ½Ù…Éä¼´½Ù…Éä´Ä¸Ä¸È¹Ñèˆ°(€€€€€€‰¥¹Ñ•É¥Ñäˆè€‰Í¡„ÔÄÈµ	9‰]1™Á•UA…‰¡­aUY´Á¨áÕÕÙIåQ Õ½ÙI„½‘å½Ü½	Å‰i)å¬Õ™T­%éE=éµ-éeÅeI%M½I¡‘EÈÍ•%h½AaÅœôôˆ°(€€€€€€‰±¥•¹Í”ˆè€‰5%Pˆ°(€€€€€€‰•¹¥¹•Ìˆèì(€€€€€€€€‰¹½‘”ˆè€ˆøô€À¸àˆ(€€€€€ô(€€€ô°(€€€€‰¹½‘•}µ½‘Õ±•Ì½Ý¡¥ µµ½‘Õ±”ˆèì(€€€€€€‰Ù•ÉÍ¥½¸ˆè€ˆÈ¸À¸Äˆ°(€€€€€€‰É•Í½±Ù•ˆè€‰¡ÑÑÁÌè¼½É•¥ÍÑÉä¹¹Áµ©Ì¹½Éœ½Ý¡¥ µµ½‘Õ±”¼´½Ý¡¥ µµ½‘Õ±”´È¸À¸Ä¹Ñèˆ°(€€€€€€‰¥¹Ñ•É¥Ñäˆè€‰Í¡„ÔÄÈµ¥	‘hÔÝIÙ¹=Hå	¡50ÉÙi˜Ý áÙµ	©¡½…iÅ=)	]!YÑ-­µ-Õ!…¤ÍàÕAY5É`Õe9ÀÈÝ½™e‰ÝÑML­Ù¡Dôôˆ°(€€€€€€‰±¥•¹Í”ˆè€‰%Mˆ(€€€ô°(€€€€‰¹½‘•}µ½‘Õ±•Ì½ÝÉ…Àµ…¹Í¤ˆèì(€€€€€€‰Ù•ÉÍ¥½¸ˆè€ˆØ¸È¸Àˆ°(€€€€€€‰É•Í½±Ù•ˆè€‰¡ÑÑÁÌè¼½É•¥ÍÑÉä¹¹Áµ©Ì¹½Éœ½ÝÉ…Àµ…¹Í¤¼´½ÝÉ…Àµ…¹Í¤´Ø¸È¸À¹Ñèˆ°(€€€€€€‰¥¹Ñ•É¥Ñäˆè€‰Í¡„ÔÄÈµÈÙ±A	áia±%åµÔÝ%¹á5¡‘\Á-áÁ1½1Õ…Íá…(½M=%iÝ%9…Ñ,å-d½Ñ˜­iÉ±åÝ=-TÁU¨ÍQaU	™á)aôôˆ°(€€€€€€‰±¥•¹Í”ˆè€‰5%Pˆ°(€€€€€€‰‘•Á•¹‘•¹¥•Ìˆèì(€€€€€€€€‰…¹Í¤µÍÑå±•Ìˆè€‰xÐ¸À¸Àˆ°(€€€€€€€€‰ÍÑÉ¥¹œµÝ¥‘Ñ ˆè€‰xÐ¸Ä¸Àˆ°(€€€€€€€€‰ÍÑÉ¥Àµ…¹Í¤ˆè€‰xØ¸À¸Àˆ(€€€€€ô°(€€€€€€‰•¹¥¹•Ìˆèì(€€€€€€€€‰¹½‘”ˆè€ˆøôàˆ(€€€€€ô(€€€ô°(€€€€‰¹½‘•}µ½‘Õ±•Ì½ÝÉ…ÁÁäˆèì(€€€€€€‰Ù•ÉÍ¥½¸ˆè€ˆÄ¸À¸Èˆ°(€€€€€€‰É•Í½±Ù•ˆè€‰¡ÑÑÁÌè¼½É•¥ÍÑÉä¹¹Áµ©Ì¹½Éœ½ÝÉ…ÁÁä¼´½ÝÉ…ÁÁä´Ä¸À¸È¹Ñèˆ°(€€€€€€‰¥¹Ñ•É¥Ñäˆè€‰Í¡„ÔÄÈµ°ÑMÀ½IÍ•½ÈåÝ0ÙÙXÈ­QÕE¸ØÍ‘5­A©h½ÍÀåa­¡Q‰Xå-±ALÅáUÍhÍÔÜ½%E<ÑÝáÑÑ‰ÁEAIHÍEÙ•éADôôˆ°(€€€€€€‰±¥•¹Í”ˆè€‰%Mˆ(€€€ô°(€€€€‰¹½‘•}µ½‘Õ±•Ì½äÄá¸ˆèì(€€€€€€‰Ù•ÉÍ¥½¸ˆè€ˆÐ¸À¸Ìˆ°(€€€€€€‰É•Í½±Ù•ˆè€‰¡ÑÑÁÌè¼½É•¥ÍÑÉä¹¹Áµ©Ì¹½Éœ½äÄá¸¼´½äÄá¸´Ð¸À¸Ì¹Ñèˆ°(€€€€€€‰¥¹Ñ•É¥Ñäˆè€‰Í¡„ÔÄÈµ)-¡ÅQ=ÝMÉÅ9Å9dÕ±MéÑ(ÅÉ	¥U½‘15µ%iÕ1¥…5I(­¥Ñ­	Yáa	©=Ù%]0­ÉMÅ9ÜÑ1Mµ±ˆ½TÑUhÑ¡)Dôôˆ°(€€€€€€‰±¥•¹Í”ˆè€‰%Mˆ(€€€ô°(€€€€‰¹½‘•}µ½‘Õ±•Ì½å…ÉÌˆèì(€€€€€€‰Ù•ÉÍ¥½¸ˆè€ˆÄÔ¸Ð¸Äˆ°(€€€€€€‰É•Í½±Ù•ˆè€‰¡ÑÑÁÌè¼½É•¥ÍÑÉä¹¹Áµ©Ì¹½Éœ½å…ÉÌ¼´½å…ÉÌ´ÄÔ¸Ð¸Ä¹Ñèˆ°(€€€€€€‰¥¹Ñ•É¥Ñäˆè€‰Í¡„ÔÄÈµ…•A‰áµe\¬­A…Å	Í(­!eUÝ‘ØÑ1YÙ‘¹¡	äÜáÔÝA%½Èà½=YÙ¡5É á!IØ½<å¤Í±A¡Í9©<ÝE`À­ôôˆ°(€€€€€€‰±¥•¹Í”ˆè€‰5%Pˆ°(€€€€€€‰‘•Á•¹‘•¹¥•Ìˆèì(€€€€€€€€‰±¥Õ¤ˆè€‰xØ¸À¸Àˆ°(€€€€€€€€‰‘•…µ•±¥é”ˆè€‰xÄ¸È¸Àˆ°(€€€€€€€€‰™¥¹µÕÀˆè€‰xÐ¸Ä¸Àˆ°(€€€€€€€€‰•Ðµ…±±•Èµ™¥±”ˆè€‰xÈ¸À¸Äˆ°(€€€€€€€€‰É•ÅÕ¥É”µ‘¥É•Ñ½Éäˆè€‰xÈ¸Ä¸Äˆ°(€€€€€€€€‰É•ÅÕ¥É”µµ…¥¸µ™¥±•¹…µ”ˆè€‰xÈ¸À¸Àˆ°(€€€€€€€€‰Í•Ðµ‰±½­¥¹œˆè€‰xÈ¸À¸Àˆ°(€€€€€€€€‰ÍÑÉ¥¹œµÝ¥‘Ñ ˆè€‰xÐ¸È¸Àˆ°(€€€€€€€€‰Ý¡¥ µµ½‘Õ±”ˆè€‰xÈ¸À¸Àˆ°(€€€€€€€€‰äÄá¸ˆè€‰xÐ¸À¸Àˆ°(€€€€€€€€‰å…ÉÌµÁ…ÉÍ•Èˆè€‰xÄà¸Ä¸Èˆ(€€€€€ô°(€€€€€€‰•¹¥¹•Ìˆèì(€€€€€€€€‰¹½‘”ˆè€ˆøôàˆ(€€€€€ô(€€€ô°(€€€€‰¹½‘•}µ½‘Õ±•Ì½å…ÉÌµÁ…ÉÍ•Èˆèì(€€€€€€‰Ù•ÉÍ¥½¸ˆè€ˆÄà¸Ä¸Ìˆ°(€€€€€€‰É•Í½±Ù•ˆè€‰¡ÑÑÁÌè¼½É•¥ÍÑÉä¹¹Áµ©Ì¹½Éœ½å…ÉÌµÁ…ÉÍ•È¼´½å…ÉÌµÁ…ÉÍ•È´Äà¸Ä¸Ì¹Ñèˆ°(€€€€€€‰¥¹Ñ•É¥Ñäˆè€‰Í¡„ÔÄÈµ¼ÔÁ¨Á)•Q½ä¼Ñ,Ù=i…Eµ\Ù±åaa-¡ÄÝÍIaÝ¬É½µA)ÝU9=YÑ)-ÙµÈå$Å™)iUåiIÝ­á	]µIaÕ‘ÉDôôˆ°(€€€€€€‰±¥•¹Í”ˆè€‰%Mˆ°(€€€€€€‰‘•Á•¹‘•¹¥•Ìˆèì(€€€€€€€€‰…µ•±…Í”ˆè€‰xÔ¸À¸Àˆ°(€€€€€€€€‰‘•…µ•±¥é”ˆè€‰xÄ¸È¸Àˆ(€€€€€ô°(€€€€€€‰•¹¥¹•Ìˆèì(€€€€€€€€‰¹½‘”ˆè€ˆøôØˆ(€€€€€ô(€€€ô°(€€€€‰¹½‘•}µ½‘Õ±•Ì½é½ˆèì(€€€€€€‰Ù•ÉÍ¥½¸ˆè€ˆÐ¸Ð¸Ìˆ°(€€€€€€‰É•Í½±Ù•ˆè€‰¡ÑÑÁÌè¼½É•¥ÍÑÉä¹¹Áµ©Ì¹½Éœ½é½¼´½é½´Ð¸Ð¸Ì¹Ñèˆ°(€€€€€€‰¥¹Ñ•É¥Ñäˆè€‰Í¡„ÔÄÈµåÑ9©%)°ÉUÝe±‘”É©¡\É!Ý´Ñ)1¥Ma]‘QÉ)E	%8ååÀÝ¸Ñ¡á)¥]9)5XÄ½	Å]™\½­­œÜÅU!)åQDôôˆ°(€€€€€€‰±¥•¹Í”ˆè€‰5%Pˆ°(€€€€€€‰™Õ¹‘¥¹œˆèì(€€€€€€€€‰ÕÉ°ˆè€‰¡ÑÑÁÌè¼½¥Ñ¡Õˆ¹½´½ÍÁ½¹Í½ÉÌ½½±¥¹¡…­Ìˆ(€€€€€ô(€€€ô(€ô)ô